
Microsoft Visual Studio Solution File, Format Version 12.00
Project("{2150E333-8FDC-42A3-9474-1A3956D46DE8}") = "Microservices", "Microservices", "{A56D51D6-B5BF-4DB0-9CE5-8242564D8863}"
	ProjectSection(SolutionItems) = preProject
		docker-compose.yml = docker-compose.yml
	EndProjectSection
EndProject
Project("{2150E333-8FDC-42A3-9474-1A3956D46DE8}") = "Gateways", "Gateways", "{43CC5389-45DE-4920-B787-6E4626ADA9F6}"
EndProject
Project("{FAE04EC0-301F-11D3-BF4B-00C04F79EFBC}") = "Catalog.API", "Catalog.API\Catalog.API.csproj", "{4E47B614-B53C-4696-A42C-AE21344B826D}"
EndProject
Project("{FAE04EC0-301F-11D3-BF4B-00C04F79EFBC}") = "Catalog.Domain", "Catalog.Domain\Catalog.Domain.csproj", "{D7839D6F-A432-49C9-90E0-CC83DA7C3631}"
EndProject
Project("{FAE04EC0-301F-11D3-BF4B-00C04F79EFBC}") = "Catalog.Migrator", "Catalog.Migrator\Catalog.Migrator.csproj", "{CE41EAC2-D477-42E0-9A77-F8F7F583AA68}"
EndProject
Project("{2150E333-8FDC-42A3-9474-1A3956D46DE8}") = "Solution Items", "Solution Items", "{FC5903E9-D1A9-4413-9CEC-08C83B6FD5C5}"
EndProject
Project("{2150E333-8FDC-42A3-9474-1A3956D46DE8}") = "Catalog", "Catalog", "{9B4C1C20-E5F6-4735-92DD-13075F2A82FA}"
EndProject
Project("{FAE04EC0-301F-11D3-BF4B-00C04F79EFBC}") = "Customers.API", "Customers.API\Customers.API.csproj", "{18C372A2-9BBB-481D-AE7C-FB98779610F6}"
EndProject
Project("{2150E333-8FDC-42A3-9474-1A3956D46DE8}") = "Customers", "Customers", "{75DADE36-B7EA-4547-B027-84CD628635AD}"
EndProject
Project("{FAE04EC0-301F-11D3-BF4B-00C04F79EFBC}") = "Customers.Domain", "Customers.Domain\Customers.Domain.csproj", "{083AB5E8-4B66-4063-9FF6-439416D8512A}"
EndProject
Project("{FAE04EC0-301F-11D3-BF4B-00C04F79EFBC}") = "Customers.Migrator", "Customers.Migrator\Customers.Migrator.csproj", "{3D5FA5A7-70FD-49D5-BEEE-50721A35719D}"
EndProject
Project("{FAE04EC0-301F-11D3-BF4B-00C04F79EFBC}") = "Shared.Messaging", "Shared.Messaging\Shared.Messaging.csproj", "{861364C6-54FB-48C0-88CE-EAB1DF715D7E}"
EndProject
Project("{2150E333-8FDC-42A3-9474-1A3956D46DE8}") = "Carts", "Carts", "{27F8A04F-9ECD-4675-B859-2119C6651396}"
EndProject
Project("{FAE04EC0-301F-11D3-BF4B-00C04F79EFBC}") = "Carts.API", "Carts.API\Carts.API.csproj", "{94B8B4DA-D10C-4AC6-97D1-666AF560A891}"
EndProject
Project("{FAE04EC0-301F-11D3-BF4B-00C04F79EFBC}") = "Carts.Domain", "Carts.Domain\Carts.Domain.csproj", "{CDDF79FA-83E9-4F2B-8ED0-10285628AE1F}"
EndProject
Project("{2150E333-8FDC-42A3-9474-1A3956D46DE8}") = "Shared", "Shared", "{5BACF47C-A3D4-4E9E-87B8-A87E27F95233}"
EndProject
Project("{FAE04EC0-301F-11D3-BF4B-00C04F79EFBC}") = "Carts.Messaging", "Carts.Messaging\Carts.Messaging.csproj", "{A031978C-3AC7-4E1D-A7F9-2D57DAD2623A}"
EndProject
Global
	GlobalSection(SolutionConfigurationPlatforms) = preSolution
		Debug|Any CPU = Debug|Any CPU
		Release|Any CPU = Release|Any CPU
	EndGlobalSection
	GlobalSection(NestedProjects) = preSolution
		{9B4C1C20-E5F6-4735-92DD-13075F2A82FA} = {A56D51D6-B5BF-4DB0-9CE5-8242564D8863}
		{4E47B614-B53C-4696-A42C-AE21344B826D} = {9B4C1C20-E5F6-4735-92DD-13075F2A82FA}
		{CE41EAC2-D477-42E0-9A77-F8F7F583AA68} = {9B4C1C20-E5F6-4735-92DD-13075F2A82FA}
		{D7839D6F-A432-49C9-90E0-CC83DA7C3631} = {9B4C1C20-E5F6-4735-92DD-13075F2A82FA}
		{75DADE36-B7EA-4547-B027-84CD628635AD} = {A56D51D6-B5BF-4DB0-9CE5-8242564D8863}
		{18C372A2-9BBB-481D-AE7C-FB98779610F6} = {75DADE36-B7EA-4547-B027-84CD628635AD}
		{083AB5E8-4B66-4063-9FF6-439416D8512A} = {75DADE36-B7EA-4547-B027-84CD628635AD}
		{3D5FA5A7-70FD-49D5-BEEE-50721A35719D} = {75DADE36-B7EA-4547-B027-84CD628635AD}
		{27F8A04F-9ECD-4675-B859-2119C6651396} = {A56D51D6-B5BF-4DB0-9CE5-8242564D8863}
		{94B8B4DA-D10C-4AC6-97D1-666AF560A891} = {27F8A04F-9ECD-4675-B859-2119C6651396}
		{CDDF79FA-83E9-4F2B-8ED0-10285628AE1F} = {27F8A04F-9ECD-4675-B859-2119C6651396}
		{5BACF47C-A3D4-4E9E-87B8-A87E27F95233} = {A56D51D6-B5BF-4DB0-9CE5-8242564D8863}
		{861364C6-54FB-48C0-88CE-EAB1DF715D7E} = {5BACF47C-A3D4-4E9E-87B8-A87E27F95233}
		{A031978C-3AC7-4E1D-A7F9-2D57DAD2623A} = {27F8A04F-9ECD-4675-B859-2119C6651396}
	EndGlobalSection
	GlobalSection(ProjectConfigurationPlatforms) = postSolution
		{4E47B614-B53C-4696-A42C-AE21344B826D}.Debug|Any CPU.ActiveCfg = Debug|Any CPU
		{4E47B614-B53C-4696-A42C-AE21344B826D}.Debug|Any CPU.Build.0 = Debug|Any CPU
		{4E47B614-B53C-4696-A42C-AE21344B826D}.Release|Any CPU.ActiveCfg = Release|Any CPU
		{4E47B614-B53C-4696-A42C-AE21344B826D}.Release|Any CPU.Build.0 = Release|Any CPU
		{D7839D6F-A432-49C9-90E0-CC83DA7C3631}.Debug|Any CPU.ActiveCfg = Debug|Any CPU
		{D7839D6F-A432-49C9-90E0-CC83DA7C3631}.Debug|Any CPU.Build.0 = Debug|Any CPU
		{D7839D6F-A432-49C9-90E0-CC83DA7C3631}.Release|Any CPU.ActiveCfg = Release|Any CPU
		{D7839D6F-A432-49C9-90E0-CC83DA7C3631}.Release|Any CPU.Build.0 = Release|Any CPU
		{CE41EAC2-D477-42E0-9A77-F8F7F583AA68}.Debug|Any CPU.ActiveCfg = Debug|Any CPU
		{CE41EAC2-D477-42E0-9A77-F8F7F583AA68}.Debug|Any CPU.Build.0 = Debug|Any CPU
		{CE41EAC2-D477-42E0-9A77-F8F7F583AA68}.Release|Any CPU.ActiveCfg = Release|Any CPU
		{CE41EAC2-D477-42E0-9A77-F8F7F583AA68}.Release|Any CPU.Build.0 = Release|Any CPU
		{18C372A2-9BBB-481D-AE7C-FB98779610F6}.Debug|Any CPU.ActiveCfg = Debug|Any CPU
		{18C372A2-9BBB-481D-AE7C-FB98779610F6}.Debug|Any CPU.Build.0 = Debug|Any CPU
		{18C372A2-9BBB-481D-AE7C-FB98779610F6}.Release|Any CPU.ActiveCfg = Release|Any CPU
		{18C372A2-9BBB-481D-AE7C-FB98779610F6}.Release|Any CPU.Build.0 = Release|Any CPU
		{083AB5E8-4B66-4063-9FF6-439416D8512A}.Debug|Any CPU.ActiveCfg = Debug|Any CPU
		{083AB5E8-4B66-4063-9FF6-439416D8512A}.Debug|Any CPU.Build.0 = Debug|Any CPU
		{083AB5E8-4B66-4063-9FF6-439416D8512A}.Release|Any CPU.ActiveCfg = Release|Any CPU
		{083AB5E8-4B66-4063-9FF6-439416D8512A}.Release|Any CPU.Build.0 = Release|Any CPU
		{3D5FA5A7-70FD-49D5-BEEE-50721A35719D}.Debug|Any CPU.ActiveCfg = Debug|Any CPU
		{3D5FA5A7-70FD-49D5-BEEE-50721A35719D}.Debug|Any CPU.Build.0 = Debug|Any CPU
		{3D5FA5A7-70FD-49D5-BEEE-50721A35719D}.Release|Any CPU.ActiveCfg = Release|Any CPU
		{3D5FA5A7-70FD-49D5-BEEE-50721A35719D}.Release|Any CPU.Build.0 = Release|Any CPU
		{861364C6-54FB-48C0-88CE-EAB1DF715D7E}.Debug|Any CPU.ActiveCfg = Debug|Any CPU
		{861364C6-54FB-48C0-88CE-EAB1DF715D7E}.Debug|Any CPU.Build.0 = Debug|Any CPU
		{861364C6-54FB-48C0-88CE-EAB1DF715D7E}.Release|Any CPU.ActiveCfg = Release|Any CPU
		{861364C6-54FB-48C0-88CE-EAB1DF715D7E}.Release|Any CPU.Build.0 = Release|Any CPU
		{94B8B4DA-D10C-4AC6-97D1-666AF560A891}.Debug|Any CPU.ActiveCfg = Debug|Any CPU
		{94B8B4DA-D10C-4AC6-97D1-666AF560A891}.Debug|Any CPU.Build.0 = Debug|Any CPU
		{94B8B4DA-D10C-4AC6-97D1-666AF560A891}.Release|Any CPU.ActiveCfg = Release|Any CPU
		{94B8B4DA-D10C-4AC6-97D1-666AF560A891}.Release|Any CPU.Build.0 = Release|Any CPU
		{CDDF79FA-83E9-4F2B-8ED0-10285628AE1F}.Debug|Any CPU.ActiveCfg = Debug|Any CPU
		{CDDF79FA-83E9-4F2B-8ED0-10285628AE1F}.Debug|Any CPU.Build.0 = Debug|Any CPU
		{CDDF79FA-83E9-4F2B-8ED0-10285628AE1F}.Release|Any CPU.ActiveCfg = Release|Any CPU
		{CDDF79FA-83E9-4F2B-8ED0-10285628AE1F}.Release|Any CPU.Build.0 = Release|Any CPU
		{A031978C-3AC7-4E1D-A7F9-2D57DAD2623A}.Debug|Any CPU.ActiveCfg = Debug|Any CPU
		{A031978C-3AC7-4E1D-A7F9-2D57DAD2623A}.Debug|Any CPU.Build.0 = Debug|Any CPU
		{A031978C-3AC7-4E1D-A7F9-2D57DAD2623A}.Release|Any CPU.ActiveCfg = Release|Any CPU
		{A031978C-3AC7-4E1D-A7F9-2D57DAD2623A}.Release|Any CPU.Build.0 = Release|Any CPU
	EndGlobalSection
EndGlobal
